# This file was autogenerated by Stack.
# You should not edit this file by hand.
# For more information, please see the documentation at:
#   https://docs.haskellstack.org/en/stable/lock_files

packages: []
snapshots:
- completed:
    size: 499199
    url: https://raw.githubusercontent.com/commercialhaskell/stackage-snapshots/master/lts/12/2.yaml
    sha256: a322089fb83fcbccca0dbcfa843c91aa07826fa1c6a57a569ba7574e6e95c7f0
  original: lts-12.2
